
Microsoft Visual Studio Solution File, Format Version 12.00
# Visual Studio 14
VisualStudioVersion = 14.0.23107.0
MinimumVisualStudioVersion = 10.0.40219.1
Project("{FAE04EC0-301F-11D3-BF4B-00C04F79EFBC}") = "UltimateUtil", "UltimateUtil\UltimateUtil.csproj", "{927CC5F4-BAFB-4683-8AB4-F3EAA2FCD26F}"
EndProject
Project("{FAE04EC0-301F-11D3-BF4B-00C04F79EFBC}") = "UltimateUtil.Test", "UltimateUtil.Test\UltimateUtil.Test.csproj", "{E7A3F75A-B2C4-4169-AA34-1005848D9BBC}"
EndProject
Global
	GlobalSection(SolutionConfigurationPlatforms) = preSolution
		Debug|Any CPU = Debug|Any CPU
		Release|Any CPU = Release|Any CPU
	EndGlobalSection
	GlobalSection(ProjectConfigurationPlatforms) = postSolution
		{927CC5F4-BAFB-4683-8AB4-F3EAA2FCD26F}.Debug|Any CPU.ActiveCfg = Debug|Any CPU
		{927CC5F4-BAFB-4683-8AB4-F3EAA2FCD26F}.Debug|Any CPU.Build.0 = Debug|Any CPU
		{927CC5F4-BAFB-4683-8AB4-F3EAA2FCD26F}.Release|Any CPU.ActiveCfg = Release|Any CPU
		{927CC5F4-BAFB-4683-8AB4-F3EAA2FCD26F}.Release|Any CPU.Build.0 = Release|Any CPU
		{E7A3F75A-B2C4-4169-AA34-1005848D9BBC}.Debug|Any CPU.ActiveCfg = Debug|Any CPU
		{E7A3F75A-B2C4-4169-AA34-1005848D9BBC}.Debug|Any CPU.Build.0 = Debug|Any CPU
		{E7A3F75A-B2C4-4169-AA34-1005848D9BBC}.Release|Any CPU.ActiveCfg = Release|Any CPU
		{E7A3F75A-B2C4-4169-AA34-1005848D9BBC}.Release|Any CPU.Build.0 = Release|Any CPU
	EndGlobalSection
	GlobalSection(SolutionProperties) = preSolution
		HideSolutionNode = FALSE
	EndGlobalSection
EndGlobal
